
Microsoft Visual Studio Solution File, Format Version 12.00
# Visual Studio Version 17
VisualStudioVersion = 17.10.35013.160
MinimumVisualStudioVersion = 10.0.40219.1
Project("{FAE04EC0-301F-11D3-BF4B-00C04F79EFBC}") = "TodoList", "TodoList.csproj", "{849142A3-2907-4A69-9304-B29DA47D714E}"
EndProject
Project("{9A19103F-16F7-4668-BE54-9A1E7A4F7556}") = "Calculator", "..\Calculator\Calculator.csproj", "{1FEE5E8E-32BE-4C99-87BD-FB5E8E2B9C2B}"
EndProject
Global
	GlobalSection(SolutionConfigurationPlatforms) = preSolution
		Debug|Any CPU = Debug|Any CPU
		Release|Any CPU = Release|Any CPU
	EndGlobalSection
	GlobalSection(ProjectConfigurationPlatforms) = postSolution
		{849142A3-2907-4A69-9304-B29DA47D714E}.Debug|Any CPU.ActiveCfg = Debug|Any CPU
		{849142A3-2907-4A69-9304-B29DA47D714E}.Debug|Any CPU.Build.0 = Debug|Any CPU
		{849142A3-2907-4A69-9304-B29DA47D714E}.Release|Any CPU.ActiveCfg = Release|Any CPU
		{849142A3-2907-4A69-9304-B29DA47D714E}.Release|Any CPU.Build.0 = Release|Any CPU
		{1FEE5E8E-32BE-4C99-87BD-FB5E8E2B9C2B}.Debug|Any CPU.ActiveCfg = Debug|Any CPU
		{1FEE5E8E-32BE-4C99-87BD-FB5E8E2B9C2B}.Debug|Any CPU.Build.0 = Debug|Any CPU
		{1FEE5E8E-32BE-4C99-87BD-FB5E8E2B9C2B}.Release|Any CPU.ActiveCfg = Release|Any CPU
		{1FEE5E8E-32BE-4C99-87BD-FB5E8E2B9C2B}.Release|Any CPU.Build.0 = Release|Any CPU
	EndGlobalSection
	GlobalSection(SolutionProperties) = preSolution
		HideSolutionNode = FALSE
	EndGlobalSection
	GlobalSection(ExtensibilityGlobals) = postSolution
		SolutionGuid = {90C8A36D-D450-449D-8E54-1D7127CA0007}
	EndGlobalSection
EndGlobal
